// !$*UTF8*$!
{
	archiveVersion = 1;
	classes = {
	};
	objectVersion = 50;
	objects = {

/* Begin PBXBuildFile section */
		051CE209213DC26F00656F84 /* CorsaCell.swift in Sources */ = {isa = PBXBuildFile; fileRef = 051CE207213DC26F00656F84 /* CorsaCell.swift */; };
		051CE20A213DC26F00656F84 /* CorsaCell.xib in Resources */ = {isa = PBXBuildFile; fileRef = 051CE208213DC26F00656F84 /* CorsaCell.xib */; };
		056F7019213348910042493C /* AppDelegate.swift in Sources */ = {isa = PBXBuildFile; fileRef = 056F7018213348910042493C /* AppDelegate.swift */; };
		056F701B213348910042493C /* ViewController.swift in Sources */ = {isa = PBXBuildFile; fileRef = 056F701A213348910042493C /* ViewController.swift */; };
		056F701E213348910042493C /* Main.storyboard in Resources */ = {isa = PBXBuildFile; fileRef = 056F701C213348910042493C /* Main.storyboard */; };
		056F7021213348910042493C /* AIR.xcdatamodeld in Sources */ = {isa = PBXBuildFile; fileRef = 056F701F213348910042493C /* AIR.xcdatamodeld */; };
		056F7023213348930042493C /* Assets.xcassets in Resources */ = {isa = PBXBuildFile; fileRef = 056F7022213348930042493C /* Assets.xcassets */; };
		056F7026213348930042493C /* LaunchScreen.storyboard in Resources */ = {isa = PBXBuildFile; fileRef = 056F7024213348930042493C /* LaunchScreen.storyboard */; };
		056F7031213348930042493C /* AIRTests.swift in Sources */ = {isa = PBXBuildFile; fileRef = 056F7030213348930042493C /* AIRTests.swift */; };
		056F703C213348930042493C /* AIRUITests.swift in Sources */ = {isa = PBXBuildFile; fileRef = 056F703B213348930042493C /* AIRUITests.swift */; };
		056F704A21334E7B0042493C /* TrattaPreferitaCell.xib in Resources */ = {isa = PBXBuildFile; fileRef = 056F704921334E7B0042493C /* TrattaPreferitaCell.xib */; };
		056F704C21334EDD0042493C /* TrattaPreferitaCell.swift in Sources */ = {isa = PBXBuildFile; fileRef = 056F704B21334EDD0042493C /* TrattaPreferitaCell.swift */; };
		056F704E213351D90042493C /* AvvisiCell.xib in Resources */ = {isa = PBXBuildFile; fileRef = 056F704D213351D90042493C /* AvvisiCell.xib */; };
		056F7052213557060042493C /* MainTableHeaderView.swift in Sources */ = {isa = PBXBuildFile; fileRef = 056F7051213557060042493C /* MainTableHeaderView.swift */; };
		056F705821356A3B0042493C /* AvvisoCell.swift in Sources */ = {isa = PBXBuildFile; fileRef = 056F705721356A3B0042493C /* AvvisoCell.swift */; };
		056F705F213588820042493C /* Tratta.swift in Sources */ = {isa = PBXBuildFile; fileRef = 056F705E213588820042493C /* Tratta.swift */; };
		056F7061213589A20042493C /* Avviso.swift in Sources */ = {isa = PBXBuildFile; fileRef = 056F7060213589A20042493C /* Avviso.swift */; };
		056F706421358E7A0042493C /* Constants.swift in Sources */ = {isa = PBXBuildFile; fileRef = 056F706321358E7A0042493C /* Constants.swift */; };
		056F706721358F690042493C /* Utente.swift in Sources */ = {isa = PBXBuildFile; fileRef = 056F706621358F690042493C /* Utente.swift */; };
		0596C00F213FF3210039F0C1 /* AvvisoGrandeCell.swift in Sources */ = {isa = PBXBuildFile; fileRef = 0596C00D213FF3210039F0C1 /* AvvisoGrandeCell.swift */; };
		0596C014213FFA4D0039F0C1 /* AvvisoGrandeCell.xib in Resources */ = {isa = PBXBuildFile; fileRef = 0596C013213FFA4D0039F0C1 /* AvvisoGrandeCell.xib */; };
		059CE44E213A25C000225260 /* SearchPanelView.swift in Sources */ = {isa = PBXBuildFile; fileRef = 059CE44D213A25C000225260 /* SearchPanelView.swift */; };
		059CE450213AB12300225260 /* SearchPanelView.xib in Resources */ = {isa = PBXBuildFile; fileRef = 059CE44F213AB12300225260 /* SearchPanelView.xib */; };
		05AE3F532138219C00D4A5F2 /* ShadowView.swift in Sources */ = {isa = PBXBuildFile; fileRef = 05AE3F522138219C00D4A5F2 /* ShadowView.swift */; };
		05AE3F5521394F5200D4A5F2 /* RicercaViewController.swift in Sources */ = {isa = PBXBuildFile; fileRef = 05AE3F5421394F5200D4A5F2 /* RicercaViewController.swift */; };
		05C03163213F21EF00891155 /* APIManager.swift in Sources */ = {isa = PBXBuildFile; fileRef = 05C03162213F21EF00891155 /* APIManager.swift */; };
		1907D572216E5897008CAA07 /* LaunchViewController.swift in Sources */ = {isa = PBXBuildFile; fileRef = 1907D571216E5897008CAA07 /* LaunchViewController.swift */; };
		19119482215C1D3A0092328E /* AvvisiTableViewController.swift in Sources */ = {isa = PBXBuildFile; fileRef = 19119481215C1D3A0092328E /* AvvisiTableViewController.swift */; };
		193346C2216DDDFA00AA62BB /* SliderViewController.swift in Sources */ = {isa = PBXBuildFile; fileRef = 193346C1216DDDFA00AA62BB /* SliderViewController.swift */; };
		19945E072179DCCF00B6A546 /* AvvisiWebViewController.swift in Sources */ = {isa = PBXBuildFile; fileRef = 19945E062179DCCF00B6A546 /* AvvisiWebViewController.swift */; };
		19BC94EE21620A9E003ED8DF /* BiglietterieMapViewController.swift in Sources */ = {isa = PBXBuildFile; fileRef = 19BC94ED21620A9E003ED8DF /* BiglietterieMapViewController.swift */; };
		19BFF792216F862C00738C9B /* 150per150.png in Resources */ = {isa = PBXBuildFile; fileRef = 19BFF78F216F862B00738C9B /* 150per150.png */; };
		19BFF793216F862C00738C9B /* 150per150@3x.png in Resources */ = {isa = PBXBuildFile; fileRef = 19BFF790216F862C00738C9B /* 150per150@3x.png */; };
		19BFF794216F862C00738C9B /* 150per150@2x.png in Resources */ = {isa = PBXBuildFile; fileRef = 19BFF791216F862C00738C9B /* 150per150@2x.png */; };
		19BFF796216F885700738C9B /* ImpostazioniViewController.swift in Sources */ = {isa = PBXBuildFile; fileRef = 19BFF795216F885700738C9B /* ImpostazioniViewController.swift */; };
		19C2355C216241D80070C809 /* Biglietteria.swift in Sources */ = {isa = PBXBuildFile; fileRef = 19C2355B216241D80070C809 /* Biglietteria.swift */; };
		19DC5F452163580800D5EFB0 /* BiglietteriaAnnotationView.swift in Sources */ = {isa = PBXBuildFile; fileRef = 19DC5F442163580800D5EFB0 /* BiglietteriaAnnotationView.swift */; };
		19DC5F472163A84900D5EFB0 /* Biglietterie.json in Resources */ = {isa = PBXBuildFile; fileRef = 19DC5F462163A84900D5EFB0 /* Biglietterie.json */; };
		19DC5F492163ACD500D5EFB0 /* DecoderBiglietterie.swift in Sources */ = {isa = PBXBuildFile; fileRef = 19DC5F482163ACD500D5EFB0 /* DecoderBiglietterie.swift */; };
		827952295EF7E5219DF042DE /* Pods_AIRUITests.framework in Frameworks */ = {isa = PBXBuildFile; fileRef = 47A65C9FAE8FB9E650BB0001 /* Pods_AIRUITests.framework */; };
		D5F961E7264DF3A6E009F374 /* Pods_AIR.framework in Frameworks */ = {isa = PBXBuildFile; fileRef = 797A51A8BE7F64C0B7CFBE44 /* Pods_AIR.framework */; };
		FD2BF6E1A1C0075B10C259D4 /* Pods_AIRTests.framework in Frameworks */ = {isa = PBXBuildFile; fileRef = 197B72A78AA3E82EB16BD563 /* Pods_AIRTests.framework */; };
/* End PBXBuildFile section */

/* Begin PBXContainerItemProxy section */
		056F702D213348930042493C /* PBXContainerItemProxy */ = {
			isa = PBXContainerItemProxy;
			containerPortal = 056F700D213348910042493C /* Project object */;
			proxyType = 1;
			remoteGlobalIDString = 056F7014213348910042493C;
			remoteInfo = AIR;
		};
		056F7038213348930042493C /* PBXContainerItemProxy */ = {
			isa = PBXContainerItemProxy;
			containerPortal = 056F700D213348910042493C /* Project object */;
			proxyType = 1;
			remoteGlobalIDString = 056F7014213348910042493C;
			remoteInfo = AIR;
		};
/* End PBXContainerItemProxy section */

/* Begin PBXFileReference section */
		051CE207213DC26F00656F84 /* CorsaCell.swift */ = {isa = PBXFileReference; lastKnownFileType = sourcecode.swift; path = CorsaCell.swift; sourceTree = "<group>"; };
		051CE208213DC26F00656F84 /* CorsaCell.xib */ = {isa = PBXFileReference; lastKnownFileType = file.xib; path = CorsaCell.xib; sourceTree = "<group>"; };
		056F7015213348910042493C /* AIR.app */ = {isa = PBXFileReference; explicitFileType = wrapper.application; includeInIndex = 0; path = AIR.app; sourceTree = BUILT_PRODUCTS_DIR; };
		056F7018213348910042493C /* AppDelegate.swift */ = {isa = PBXFileReference; lastKnownFileType = sourcecode.swift; path = AppDelegate.swift; sourceTree = "<group>"; };
		056F701A213348910042493C /* ViewController.swift */ = {isa = PBXFileReference; lastKnownFileType = sourcecode.swift; path = ViewController.swift; sourceTree = "<group>"; };
		056F701D213348910042493C /* Base */ = {isa = PBXFileReference; lastKnownFileType = file.storyboard; name = Base; path = Base.lproj/Main.storyboard; sourceTree = "<group>"; };
		056F7020213348910042493C /* AIR.xcdatamodel */ = {isa = PBXFileReference; lastKnownFileType = wrapper.xcdatamodel; path = AIR.xcdatamodel; sourceTree = "<group>"; };
		056F7022213348930042493C /* Assets.xcassets */ = {isa = PBXFileReference; lastKnownFileType = folder.assetcatalog; path = Assets.xcassets; sourceTree = "<group>"; };
		056F7025213348930042493C /* Base */ = {isa = PBXFileReference; lastKnownFileType = file.storyboard; name = Base; path = Base.lproj/LaunchScreen.storyboard; sourceTree = "<group>"; };
		056F7027213348930042493C /* Info.plist */ = {isa = PBXFileReference; lastKnownFileType = text.plist.xml; path = Info.plist; sourceTree = "<group>"; };
		056F702C213348930042493C /* AIRTests.xctest */ = {isa = PBXFileReference; explicitFileType = wrapper.cfbundle; includeInIndex = 0; path = AIRTests.xctest; sourceTree = BUILT_PRODUCTS_DIR; };
		056F7030213348930042493C /* AIRTests.swift */ = {isa = PBXFileReference; lastKnownFileType = sourcecode.swift; path = AIRTests.swift; sourceTree = "<group>"; };
		056F7032213348930042493C /* Info.plist */ = {isa = PBXFileReference; lastKnownFileType = text.plist.xml; path = Info.plist; sourceTree = "<group>"; };
		056F7037213348930042493C /* AIRUITests.xctest */ = {isa = PBXFileReference; explicitFileType = wrapper.cfbundle; includeInIndex = 0; path = AIRUITests.xctest; sourceTree = BUILT_PRODUCTS_DIR; };
		056F703B213348930042493C /* AIRUITests.swift */ = {isa = PBXFileReference; lastKnownFileType = sourcecode.swift; path = AIRUITests.swift; sourceTree = "<group>"; };
		056F703D213348930042493C /* Info.plist */ = {isa = PBXFileReference; lastKnownFileType = text.plist.xml; path = Info.plist; sourceTree = "<group>"; };
		056F704921334E7B0042493C /* TrattaPreferitaCell.xib */ = {isa = PBXFileReference; lastKnownFileType = file.xib; path = TrattaPreferitaCell.xib; sourceTree = "<group>"; };
		056F704B21334EDD0042493C /* TrattaPreferitaCell.swift */ = {isa = PBXFileReference; lastKnownFileType = sourcecode.swift; path = TrattaPreferitaCell.swift; sourceTree = "<group>"; };
		056F704D213351D90042493C /* AvvisiCell.xib */ = {isa = PBXFileReference; lastKnownFileType = file.xib; path = AvvisiCell.xib; sourceTree = "<group>"; };
		056F7051213557060042493C /* MainTableHeaderView.swift */ = {isa = PBXFileReference; lastKnownFileType = sourcecode.swift; path = MainTableHeaderView.swift; sourceTree = "<group>"; };
		056F705721356A3B0042493C /* AvvisoCell.swift */ = {isa = PBXFileReference; lastKnownFileType = sourcecode.swift; path = AvvisoCell.swift; sourceTree = "<group>"; };
		056F705E213588820042493C /* Tratta.swift */ = {isa = PBXFileReference; lastKnownFileType = sourcecode.swift; path = Tratta.swift; sourceTree = "<group>"; };
		056F7060213589A20042493C /* Avviso.swift */ = {isa = PBXFileReference; lastKnownFileType = sourcecode.swift; path = Avviso.swift; sourceTree = "<group>"; };
		056F706321358E7A0042493C /* Constants.swift */ = {isa = PBXFileReference; lastKnownFileType = sourcecode.swift; path = Constants.swift; sourceTree = "<group>"; };
		056F706621358F690042493C /* Utente.swift */ = {isa = PBXFileReference; lastKnownFileType = sourcecode.swift; path = Utente.swift; sourceTree = "<group>"; };
		056F706821361F900042493C /* AIR-Bridging-Header.h */ = {isa = PBXFileReference; lastKnownFileType = sourcecode.c.h; path = "AIR-Bridging-Header.h"; sourceTree = "<group>"; };
		0596C00D213FF3210039F0C1 /* AvvisoGrandeCell.swift */ = {isa = PBXFileReference; lastKnownFileType = sourcecode.swift; path = AvvisoGrandeCell.swift; sourceTree = "<group>"; };
		0596C013213FFA4D0039F0C1 /* AvvisoGrandeCell.xib */ = {isa = PBXFileReference; fileEncoding = 4; lastKnownFileType = file.xib; path = AvvisoGrandeCell.xib; sourceTree = "<group>"; };
		059CE44D213A25C000225260 /* SearchPanelView.swift */ = {isa = PBXFileReference; lastKnownFileType = sourcecode.swift; path = SearchPanelView.swift; sourceTree = "<group>"; };
		059CE44F213AB12300225260 /* SearchPanelView.xib */ = {isa = PBXFileReference; lastKnownFileType = file.xib; path = SearchPanelView.xib; sourceTree = "<group>"; };
		05AE3F522138219C00D4A5F2 /* ShadowView.swift */ = {isa = PBXFileReference; lastKnownFileType = sourcecode.swift; path = ShadowView.swift; sourceTree = "<group>"; };
		05AE3F5421394F5200D4A5F2 /* RicercaViewController.swift */ = {isa = PBXFileReference; lastKnownFileType = sourcecode.swift; path = RicercaViewController.swift; sourceTree = "<group>"; };
		05C03162213F21EF00891155 /* APIManager.swift */ = {isa = PBXFileReference; lastKnownFileType = sourcecode.swift; path = APIManager.swift; sourceTree = "<group>"; };
		1907D571216E5897008CAA07 /* LaunchViewController.swift */ = {isa = PBXFileReference; lastKnownFileType = sourcecode.swift; path = LaunchViewController.swift; sourceTree = "<group>"; };
		19119481215C1D3A0092328E /* AvvisiTableViewController.swift */ = {isa = PBXFileReference; lastKnownFileType = sourcecode.swift; path = AvvisiTableViewController.swift; sourceTree = "<group>"; xcLanguageSpecificationIdentifier = xcode.lang.swift; };
		193346C1216DDDFA00AA62BB /* SliderViewController.swift */ = {isa = PBXFileReference; lastKnownFileType = sourcecode.swift; path = SliderViewController.swift; sourceTree = "<group>"; };
		197B72A78AA3E82EB16BD563 /* Pods_AIRTests.framework */ = {isa = PBXFileReference; explicitFileType = wrapper.framework; includeInIndex = 0; path = Pods_AIRTests.framework; sourceTree = BUILT_PRODUCTS_DIR; };
		19945E062179DCCF00B6A546 /* AvvisiWebViewController.swift */ = {isa = PBXFileReference; lastKnownFileType = sourcecode.swift; path = AvvisiWebViewController.swift; sourceTree = "<group>"; };
		19BC94ED21620A9E003ED8DF /* BiglietterieMapViewController.swift */ = {isa = PBXFileReference; lastKnownFileType = sourcecode.swift; path = BiglietterieMapViewController.swift; sourceTree = "<group>"; };
		19BFF78F216F862B00738C9B /* 150per150.png */ = {isa = PBXFileReference; lastKnownFileType = image.png; name = 150per150.png; path = "../../icon air orari/bus/150per150.png"; sourceTree = "<group>"; };
		19BFF790216F862C00738C9B /* 150per150@3x.png */ = {isa = PBXFileReference; lastKnownFileType = image.png; name = "150per150@3x.png"; path = "../../icon air orari/bus/150per150@3x.png"; sourceTree = "<group>"; };
		19BFF791216F862C00738C9B /* 150per150@2x.png */ = {isa = PBXFileReference; lastKnownFileType = image.png; name = "150per150@2x.png"; path = "../../icon air orari/bus/150per150@2x.png"; sourceTree = "<group>"; };
		19BFF795216F885700738C9B /* ImpostazioniViewController.swift */ = {isa = PBXFileReference; lastKnownFileType = sourcecode.swift; name = ImpostazioniViewController.swift; path = "/Users/micheledesena/Desktop/Lavoro/Progetti/XCODE/AIR/App AIR/AIR/AIR/Controller/ImpostazioniViewController.swift"; sourceTree = "<absolute>"; };
		19C2355B216241D80070C809 /* Biglietteria.swift */ = {isa = PBXFileReference; lastKnownFileType = sourcecode.swift; path = Biglietteria.swift; sourceTree = "<group>"; };
		19DC5F442163580800D5EFB0 /* BiglietteriaAnnotationView.swift */ = {isa = PBXFileReference; lastKnownFileType = sourcecode.swift; path = BiglietteriaAnnotationView.swift; sourceTree = "<group>"; };
		19DC5F462163A84900D5EFB0 /* Biglietterie.json */ = {isa = PBXFileReference; lastKnownFileType = text.json; path = Biglietterie.json; sourceTree = "<group>"; };
		19DC5F482163ACD500D5EFB0 /* DecoderBiglietterie.swift */ = {isa = PBXFileReference; lastKnownFileType = sourcecode.swift; path = DecoderBiglietterie.swift; sourceTree = "<group>"; };
		20BECF65B3F0CE69CB2A394E /* Pods-AIR.debug.xcconfig */ = {isa = PBXFileReference; includeInIndex = 1; lastKnownFileType = text.xcconfig; name = "Pods-AIR.debug.xcconfig"; path = "Pods/Target Support Files/Pods-AIR/Pods-AIR.debug.xcconfig"; sourceTree = "<group>"; };
		47A65C9FAE8FB9E650BB0001 /* Pods_AIRUITests.framework */ = {isa = PBXFileReference; explicitFileType = wrapper.framework; includeInIndex = 0; path = Pods_AIRUITests.framework; sourceTree = BUILT_PRODUCTS_DIR; };
		70B1626722A45280F26B02E4 /* Pods-AIRUITests.debug.xcconfig */ = {isa = PBXFileReference; includeInIndex = 1; lastKnownFileType = text.xcconfig; name = "Pods-AIRUITests.debug.xcconfig"; path = "Pods/Target Support Files/Pods-AIRUITests/Pods-AIRUITests.debug.xcconfig"; sourceTree = "<group>"; };
		797A51A8BE7F64C0B7CFBE44 /* Pods_AIR.framework */ = {isa = PBXFileReference; explicitFileType = wrapper.framework; includeInIndex = 0; path = Pods_AIR.framework; sourceTree = BUILT_PRODUCTS_DIR; };
		80F07764F3389744DAE4E5F5 /* Pods-AIRTests.release.xcconfig */ = {isa = PBXFileReference; includeInIndex = 1; lastKnownFileType = text.xcconfig; name = "Pods-AIRTests.release.xcconfig"; path = "Pods/Target Support Files/Pods-AIRTests/Pods-AIRTests.release.xcconfig"; sourceTree = "<group>"; };
		CA2EE5AEFEC1C5D7F330643E /* Pods-AIRTests.debug.xcconfig */ = {isa = PBXFileReference; includeInIndex = 1; lastKnownFileType = text.xcconfig; name = "Pods-AIRTests.debug.xcconfig"; path = "Pods/Target Support Files/Pods-AIRTests/Pods-AIRTests.debug.xcconfig"; sourceTree = "<group>"; };
		DE19085358DA6236E5315376 /* Pods-AIR.release.xcconfig */ = {isa = PBXFileReference; includeInIndex = 1; lastKnownFileType = text.xcconfig; name = "Pods-AIR.release.xcconfig"; path = "Pods/Target Support Files/Pods-AIR/Pods-AIR.release.xcconfig"; sourceTree = "<group>"; };
		E39524AEE753E2CC24BA5F0E /* Pods-AIRUITests.release.xcconfig */ = {isa = PBXFileReference; includeInIndex = 1; lastKnownFileType = text.xcconfig; name = "Pods-AIRUITests.release.xcconfig"; path = "Pods/Target Support Files/Pods-AIRUITests/Pods-AIRUITests.release.xcconfig"; sourceTree = "<group>"; };
/* End PBXFileReference section */

/* Begin PBXFrameworksBuildPhase section */
		056F7012213348910042493C /* Frameworks */ = {
			isa = PBXFrameworksBuildPhase;
			buildActionMask = 2147483647;
			files = (
				D5F961E7264DF3A6E009F374 /* Pods_AIR.framework in Frameworks */,
			);
			runOnlyForDeploymentPostprocessing = 0;
		};
		056F7029213348930042493C /* Frameworks */ = {
			isa = PBXFrameworksBuildPhase;
			buildActionMask = 2147483647;
			files = (
				FD2BF6E1A1C0075B10C259D4 /* Pods_AIRTests.framework in Frameworks */,
			);
			runOnlyForDeploymentPostprocessing = 0;
		};
		056F7034213348930042493C /* Frameworks */ = {
			isa = PBXFrameworksBuildPhase;
			buildActionMask = 2147483647;
			files = (
				827952295EF7E5219DF042DE /* Pods_AIRUITests.framework in Frameworks */,
			);
			runOnlyForDeploymentPostprocessing = 0;
		};
/* End PBXFrameworksBuildPhase section */

/* Begin PBXGroup section */
		051CE205213D498800656F84 /* searchPanelView */ = {
			isa = PBXGroup;
			children = (
				059CE44D213A25C000225260 /* SearchPanelView.swift */,
				059CE44F213AB12300225260 /* SearchPanelView.xib */,
			);
			path = searchPanelView;
			sourceTree = "<group>";
		};
		051CE206213DC21600656F84 /* CorsaCell */ = {
			isa = PBXGroup;
			children = (
				051CE207213DC26F00656F84 /* CorsaCell.swift */,
				051CE208213DC26F00656F84 /* CorsaCell.xib */,
			);
			path = CorsaCell;
			sourceTree = "<group>";
		};
		056F700C213348910042493C = {
			isa = PBXGroup;
			children = (
				056F7017213348910042493C /* AIR */,
				056F702F213348930042493C /* AIRTests */,
				056F703A213348930042493C /* AIRUITests */,
				056F7016213348910042493C /* Products */,
				AE0DF7A20283DF5C654E1010 /* Pods */,
				B9A49168304314D3584568F2 /* Frameworks */,
			);
			sourceTree = "<group>";
		};
		056F7016213348910042493C /* Products */ = {
			isa = PBXGroup;
			children = (
				056F7015213348910042493C /* AIR.app */,
				056F702C213348930042493C /* AIRTests.xctest */,
				056F7037213348930042493C /* AIRUITests.xctest */,
			);
			name = Products;
			sourceTree = "<group>";
		};
		056F7017213348910042493C /* AIR */ = {
			isa = PBXGroup;
			children = (
				056F7018213348910042493C /* AppDelegate.swift */,
				056F706521358F560042493C /* Singleton */,
				056F705B21356CFB0042493C /* Controller */,
				056F705A21356CDF0042493C /* View */,
				056F705921356CD10042493C /* Model */,
				056F7022213348930042493C /* Assets.xcassets */,
				19BFF78F216F862B00738C9B /* 150per150.png */,
				19BFF791216F862C00738C9B /* 150per150@2x.png */,
				19BFF790216F862C00738C9B /* 150per150@3x.png */,
				056F7027213348930042493C /* Info.plist */,
				056F701F213348910042493C /* AIR.xcdatamodeld */,
				056F706821361F900042493C /* AIR-Bridging-Header.h */,
				19DC5F462163A84900D5EFB0 /* Biglietterie.json */,
			);
			path = AIR;
			sourceTree = "<group>";
		};
		056F702F213348930042493C /* AIRTests */ = {
			isa = PBXGroup;
			children = (
				056F7030213348930042493C /* AIRTests.swift */,
				056F7032213348930042493C /* Info.plist */,
			);
			path = AIRTests;
			sourceTree = "<group>";
		};
		056F703A213348930042493C /* AIRUITests */ = {
			isa = PBXGroup;
			children = (
				056F703B213348930042493C /* AIRUITests.swift */,
				056F703D213348930042493C /* Info.plist */,
			);
			path = AIRUITests;
			sourceTree = "<group>";
		};
		056F70532135698D0042493C /* Custom View */ = {
			isa = PBXGroup;
			children = (
				051CE205213D498800656F84 /* searchPanelView */,
				056F7054213569B30042493C /* TableView */,
				05AE3F522138219C00D4A5F2 /* ShadowView.swift */,
				19DC5F442163580800D5EFB0 /* BiglietteriaAnnotationView.swift */,
			);
			path = "Custom View";
			sourceTree = "<group>";
		};
		056F7054213569B30042493C /* TableView */ = {
			isa = PBXGroup;
			children = (
				051CE206213DC21600656F84 /* CorsaCell */,
				056F7056213569F90042493C /* Avviso Cell */,
				056F7055213569D30042493C /* Tratta Preferita Cell */,
				056F7051213557060042493C /* MainTableHeaderView.swift */,
			);
			path = TableView;
			sourceTree = "<group>";
		};
		056F7055213569D30042493C /* Tratta Preferita Cell */ = {
			isa = PBXGroup;
			children = (
				056F704B21334EDD0042493C /* TrattaPreferitaCell.swift */,
				056F704921334E7B0042493C /* TrattaPreferitaCell.xib */,
			);
			path = "Tratta Preferita Cell";
			sourceTree = "<group>";
		};
		056F7056213569F90042493C /* Avviso Cell */ = {
			isa = PBXGroup;
			children = (
				056F704D213351D90042493C /* AvvisiCell.xib */,
				056F705721356A3B0042493C /* AvvisoCell.swift */,
				0596C013213FFA4D0039F0C1 /* AvvisoGrandeCell.xib */,
				0596C00D213FF3210039F0C1 /* AvvisoGrandeCell.swift */,
			);
			path = "Avviso Cell";
			sourceTree = "<group>";
		};
		056F705921356CD10042493C /* Model */ = {
			isa = PBXGroup;
			children = (
				056F705E213588820042493C /* Tratta.swift */,
				056F7060213589A20042493C /* Avviso.swift */,
				19C2355B216241D80070C809 /* Biglietteria.swift */,
			);
			path = Model;
			sourceTree = "<group>";
		};
		056F705A21356CDF0042493C /* View */ = {
			isa = PBXGroup;
			children = (
				0596C00C213FE5EA0039F0C1 /* Storyboard */,
				056F70532135698D0042493C /* Custom View */,
			);
			path = View;
			sourceTree = "<group>";
		};
		056F705B21356CFB0042493C /* Controller */ = {
			isa = PBXGroup;
			children = (
				19BFF795216F885700738C9B /* ImpostazioniViewController.swift */,
				193346C1216DDDFA00AA62BB /* SliderViewController.swift */,
				056F701A213348910042493C /* ViewController.swift */,
				05AE3F5421394F5200D4A5F2 /* RicercaViewController.swift */,
				19119481215C1D3A0092328E /* AvvisiTableViewController.swift */,
				19BC94ED21620A9E003ED8DF /* BiglietterieMapViewController.swift */,
				1907D571216E5897008CAA07 /* LaunchViewController.swift */,
				19945E062179DCCF00B6A546 /* AvvisiWebViewController.swift */,
			);
			path = Controller;
			sourceTree = "<group>";
		};
		056F706521358F560042493C /* Singleton */ = {
			isa = PBXGroup;
			children = (
				056F706321358E7A0042493C /* Constants.swift */,
				056F706621358F690042493C /* Utente.swift */,
				05C03162213F21EF00891155 /* APIManager.swift */,
				19DC5F482163ACD500D5EFB0 /* DecoderBiglietterie.swift */,
			);
			path = Singleton;
			sourceTree = "<group>";
		};
		0596C00C213FE5EA0039F0C1 /* Storyboard */ = {
			isa = PBXGroup;
			children = (
				056F701C213348910042493C /* Main.storyboard */,
				056F7024213348930042493C /* LaunchScreen.storyboard */,
			);
			path = Storyboard;
			sourceTree = "<group>";
		};
		AE0DF7A20283DF5C654E1010 /* Pods */ = {
			isa = PBXGroup;
			children = (
				20BECF65B3F0CE69CB2A394E /* Pods-AIR.debug.xcconfig */,
				DE19085358DA6236E5315376 /* Pods-AIR.release.xcconfig */,
				CA2EE5AEFEC1C5D7F330643E /* Pods-AIRTests.debug.xcconfig */,
				80F07764F3389744DAE4E5F5 /* Pods-AIRTests.release.xcconfig */,
				70B1626722A45280F26B02E4 /* Pods-AIRUITests.debug.xcconfig */,
				E39524AEE753E2CC24BA5F0E /* Pods-AIRUITests.release.xcconfig */,
			);
			name = Pods;
			sourceTree = "<group>";
		};
		B9A49168304314D3584568F2 /* Frameworks */ = {
			isa = PBXGroup;
			children = (
				797A51A8BE7F64C0B7CFBE44 /* Pods_AIR.framework */,
				197B72A78AA3E82EB16BD563 /* Pods_AIRTests.framework */,
				47A65C9FAE8FB9E650BB0001 /* Pods_AIRUITests.framework */,
			);
			name = Frameworks;
			sourceTree = "<group>";
		};
/* End PBXGroup section */

/* Begin PBXNativeTarget section */
		056F7014213348910042493C /* AIR */ = {
			isa = PBXNativeTarget;
			buildConfigurationList = 056F7040213348930042493C /* Build configuration list for PBXNativeTarget "AIR" */;
			buildPhases = (
				7BCF9DF26B1B02119C87AE7C /* [CP] Check Pods Manifest.lock */,
				056F7011213348910042493C /* Sources */,
				056F7012213348910042493C /* Frameworks */,
				056F7013213348910042493C /* Resources */,
				860048A5036E33D942DCECDE /* [CP] Embed Pods Frameworks */,
			);
			buildRules = (
			);
			dependencies = (
			);
			name = AIR;
			productName = AIR;
			productReference = 056F7015213348910042493C /* AIR.app */;
			productType = "com.apple.product-type.application";
		};
		056F702B213348930042493C /* AIRTests */ = {
			isa = PBXNativeTarget;
			buildConfigurationList = 056F7043213348930042493C /* Build configuration list for PBXNativeTarget "AIRTests" */;
			buildPhases = (
				076B43EFF3E0A0B29DC164CE /* [CP] Check Pods Manifest.lock */,
				056F7028213348930042493C /* Sources */,
				056F7029213348930042493C /* Frameworks */,
				056F702A213348930042493C /* Resources */,
			);
			buildRules = (
			);
			dependencies = (
				056F702E213348930042493C /* PBXTargetDependency */,
			);
			name = AIRTests;
			productName = AIRTests;
			productReference = 056F702C213348930042493C /* AIRTests.xctest */;
			productType = "com.apple.product-type.bundle.unit-test";
		};
		056F7036213348930042493C /* AIRUITests */ = {
			isa = PBXNativeTarget;
			buildConfigurationList = 056F7046213348930042493C /* Build configuration list for PBXNativeTarget "AIRUITests" */;
			buildPhases = (
				BE6FEB5C5D8DE86576B14F97 /* [CP] Check Pods Manifest.lock */,
				056F7033213348930042493C /* Sources */,
				056F7034213348930042493C /* Frameworks */,
				056F7035213348930042493C /* Resources */,
			);
			buildRules = (
			);
			dependencies = (
				056F7039213348930042493C /* PBXTargetDependency */,
			);
			name = AIRUITests;
			productName = AIRUITests;
			productReference = 056F7037213348930042493C /* AIRUITests.xctest */;
			productType = "com.apple.product-type.bundle.ui-testing";
		};
/* End PBXNativeTarget section */

/* Begin PBXProject section */
		056F700D213348910042493C /* Project object */ = {
			isa = PBXProject;
			attributes = {
				LastSwiftUpdateCheck = 0940;
				LastUpgradeCheck = 0940;
				ORGANIZATIONNAME = alfonso;
				TargetAttributes = {
					056F7014213348910042493C = {
						CreatedOnToolsVersion = 9.4.1;
						LastSwiftMigration = 1010;
					};
					056F702B213348930042493C = {
						CreatedOnToolsVersion = 9.4.1;
						LastSwiftMigration = 1010;
						TestTargetID = 056F7014213348910042493C;
					};
					056F7036213348930042493C = {
						CreatedOnToolsVersion = 9.4.1;
						LastSwiftMigration = 1010;
						TestTargetID = 056F7014213348910042493C;
					};
				};
			};
			buildConfigurationList = 056F7010213348910042493C /* Build configuration list for PBXProject "AIR" */;
			compatibilityVersion = "Xcode 9.3";
			developmentRegion = en;
			hasScannedForEncodings = 0;
			knownRegions = (
				en,
				Base,
			);
			mainGroup = 056F700C213348910042493C;
			productRefGroup = 056F7016213348910042493C /* Products */;
			projectDirPath = "";
			projectRoot = "";
			targets = (
				056F7014213348910042493C /* AIR */,
				056F702B213348930042493C /* AIRTests */,
				056F7036213348930042493C /* AIRUITests */,
			);
		};
/* End PBXProject section */

/* Begin PBXResourcesBuildPhase section */
		056F7013213348910042493C /* Resources */ = {
			isa = PBXResourcesBuildPhase;
			buildActionMask = 2147483647;
			files = (
				19DC5F472163A84900D5EFB0 /* Biglietterie.json in Resources */,
				051CE20A213DC26F00656F84 /* CorsaCell.xib in Resources */,
				056F7026213348930042493C /* LaunchScreen.storyboard in Resources */,
				19BFF792216F862C00738C9B /* 150per150.png in Resources */,
				19BFF794216F862C00738C9B /* 150per150@2x.png in Resources */,
				059CE450213AB12300225260 /* SearchPanelView.xib in Resources */,
				056F7023213348930042493C /* Assets.xcassets in Resources */,
				056F704E213351D90042493C /* AvvisiCell.xib in Resources */,
				056F704A21334E7B0042493C /* TrattaPreferitaCell.xib in Resources */,
				19BFF793216F862C00738C9B /* 150per150@3x.png in Resources */,
				0596C014213FFA4D0039F0C1 /* AvvisoGrandeCell.xib in Resources */,
				056F701E213348910042493C /* Main.storyboard in Resources */,
			);
			runOnlyForDeploymentPostprocessing = 0;
		};
		056F702A213348930042493C /* Resources */ = {
			isa = PBXResourcesBuildPhase;
			buildActionMask = 2147483647;
			files = (
			);
			runOnlyForDeploymentPostprocessing = 0;
		};
		056F7035213348930042493C /* Resources */ = {
			isa = PBXResourcesBuildPhase;
			buildActionMask = 2147483647;
			files = (
			);
			runOnlyForDeploymentPostprocessing = 0;
		};
/* End PBXResourcesBuildPhase section */

/* Begin PBXShellScriptBuildPhase section */
		076B43EFF3E0A0B29DC164CE /* [CP] Check Pods Manifest.lock */ = {
			isa = PBXShellScriptBuildPhase;
			buildActionMask = 2147483647;
			files = (
			);
			inputPaths = (
				"${PODS_PODFILE_DIR_PATH}/Podfile.lock",
				"${PODS_ROOT}/Manifest.lock",
			);
			name = "[CP] Check Pods Manifest.lock";
			outputPaths = (
				"$(DERIVED_FILE_DIR)/Pods-AIRTests-checkManifestLockResult.txt",
			);
			runOnlyForDeploymentPostprocessing = 0;
			shellPath = /bin/sh;
			shellScript = "diff \"${PODS_PODFILE_DIR_PATH}/Podfile.lock\" \"${PODS_ROOT}/Manifest.lock\" > /dev/null\nif [ $? != 0 ] ; then\n    # print error to STDERR\n    echo \"error: The sandbox is not in sync with the Podfile.lock. Run 'pod install' or update your CocoaPods installation.\" >&2\n    exit 1\nfi\n# This output is used by Xcode 'outputs' to avoid re-running this script phase.\necho \"SUCCESS\" > \"${SCRIPT_OUTPUT_FILE_0}\"\n";
			showEnvVarsInLog = 0;
		};
		7BCF9DF26B1B02119C87AE7C /* [CP] Check Pods Manifest.lock */ = {
			isa = PBXShellScriptBuildPhase;
			buildActionMask = 2147483647;
			files = (
			);
			inputPaths = (
				"${PODS_PODFILE_DIR_PATH}/Podfile.lock",
				"${PODS_ROOT}/Manifest.lock",
			);
			name = "[CP] Check Pods Manifest.lock";
			outputPaths = (
				"$(DERIVED_FILE_DIR)/Pods-AIR-checkManifestLockResult.txt",
			);
			runOnlyForDeploymentPostprocessing = 0;
			shellPath = /bin/sh;
			shellScript = "diff \"${PODS_PODFILE_DIR_PATH}/Podfile.lock\" \"${PODS_ROOT}/Manifest.lock\" > /dev/null\nif [ $? != 0 ] ; then\n    # print error to STDERR\n    echo \"error: The sandbox is not in sync with the Podfile.lock. Run 'pod install' or update your CocoaPods installation.\" >&2\n    exit 1\nfi\n# This output is used by Xcode 'outputs' to avoid re-running this script phase.\necho \"SUCCESS\" > \"${SCRIPT_OUTPUT_FILE_0}\"\n";
			showEnvVarsInLog = 0;
		};
		860048A5036E33D942DCECDE /* [CP] Embed Pods Frameworks */ = {
			isa = PBXShellScriptBuildPhase;
			buildActionMask = 2147483647;
			files = (
			);
			inputPaths = (
				"${SRCROOT}/Pods/Target Support Files/Pods-AIR/Pods-AIR-frameworks.sh",
				"${BUILT_PRODUCTS_DIR}/PureLayout/PureLayout.framework",
				"${BUILT_PRODUCTS_DIR}/SYActivityIndicatorView/SYActivityIndicatorView.framework",
			);
			name = "[CP] Embed Pods Frameworks";
			outputPaths = (
				"${TARGET_BUILD_DIR}/${FRAMEWORKS_FOLDER_PATH}/PureLayout.framework",
				"${TARGET_BUILD_DIR}/${FRAMEWORKS_FOLDER_PATH}/SYActivityIndicatorView.framework",
			);
			runOnlyForDeploymentPostprocessing = 0;
			shellPath = /bin/sh;
			shellScript = "\"${SRCROOT}/Pods/Target Support Files/Pods-AIR/Pods-AIR-frameworks.sh\"\n";
			showEnvVarsInLog = 0;
		};
		BE6FEB5C5D8DE86576B14F97 /* [CP] Check Pods Manifest.lock */ = {
			isa = PBXShellScriptBuildPhase;
			buildActionMask = 2147483647;
			files = (
			);
			inputPaths = (
				"${PODS_PODFILE_DIR_PATH}/Podfile.lock",
				"${PODS_ROOT}/Manifest.lock",
			);
			name = "[CP] Check Pods Manifest.lock";
			outputPaths = (
				"$(DERIVED_FILE_DIR)/Pods-AIRUITests-checkManifestLockResult.txt",
			);
			runOnlyForDeploymentPostprocessing = 0;
			shellPath = /bin/sh;
			shellScript = "diff \"${PODS_PODFILE_DIR_PATH}/Podfile.lock\" \"${PODS_ROOT}/Manifest.lock\" > /dev/null\nif [ $? != 0 ] ; then\n    # print error to STDERR\n    echo \"error: The sandbox is not in sync with the Podfile.lock. Run 'pod install' or update your CocoaPods installation.\" >&2\n    exit 1\nfi\n# This output is used by Xcode 'outputs' to avoid re-running this script phase.\necho \"SUCCESS\" > \"${SCRIPT_OUTPUT_FILE_0}\"\n";
			showEnvVarsInLog = 0;
		};
/* End PBXShellScriptBuildPhase section */

/* Begin PBXSourcesBuildPhase section */
		056F7011213348910042493C /* Sources */ = {
			isa = PBXSourcesBuildPhase;
			buildActionMask = 2147483647;
			files = (
				05C03163213F21EF00891155 /* APIManager.swift in Sources */,
				056F7021213348910042493C /* AIR.xcdatamodeld in Sources */,
				056F705F213588820042493C /* Tratta.swift in Sources */,
				05AE3F5521394F5200D4A5F2 /* RicercaViewController.swift in Sources */,
				056F701B213348910042493C /* ViewController.swift in Sources */,
				059CE44E213A25C000225260 /* SearchPanelView.swift in Sources */,
				056F704C21334EDD0042493C /* TrattaPreferitaCell.swift in Sources */,
				1907D572216E5897008CAA07 /* LaunchViewController.swift in Sources */,
				056F706721358F690042493C /* Utente.swift in Sources */,
				056F7019213348910042493C /* AppDelegate.swift in Sources */,
				19119482215C1D3A0092328E /* AvvisiTableViewController.swift in Sources */,
				19945E072179DCCF00B6A546 /* AvvisiWebViewController.swift in Sources */,
				19C2355C216241D80070C809 /* Biglietteria.swift in Sources */,
				19BC94EE21620A9E003ED8DF /* BiglietterieMapViewController.swift in Sources */,
				05AE3F532138219C00D4A5F2 /* ShadowView.swift in Sources */,
				0596C00F213FF3210039F0C1 /* AvvisoGrandeCell.swift in Sources */,
				056F7052213557060042493C /* MainTableHeaderView.swift in Sources */,
				19BFF796216F885700738C9B /* ImpostazioniViewController.swift in Sources */,
				19DC5F452163580800D5EFB0 /* BiglietteriaAnnotationView.swift in Sources */,
				056F705821356A3B0042493C /* AvvisoCell.swift in Sources */,
				051CE209213DC26F00656F84 /* CorsaCell.swift in Sources */,
				193346C2216DDDFA00AA62BB /* SliderViewController.swift in Sources */,
				056F7061213589A20042493C /* Avviso.swift in Sources */,
				056F706421358E7A0042493C /* Constants.swift in Sources */,
				19DC5F492163ACD500D5EFB0 /* DecoderBiglietterie.swift in Sources */,
			);
			runOnlyForDeploymentPostprocessing = 0;
		};
		056F7028213348930042493C /* Sources */ = {
			isa = PBXSourcesBuildPhase;
			buildActionMask = 2147483647;
			files = (
				056F7031213348930042493C /* AIRTests.swift in Sources */,
			);
			runOnlyForDeploymentPostprocessing = 0;
		};
		056F7033213348930042493C /* Sources */ = {
			isa = PBXSourcesBuildPhase;
			buildActionMask = 2147483647;
			files = (
				056F703C213348930042493C /* AIRUITests.swift in Sources */,
			);
			runOnlyForDeploymentPostprocessing = 0;
		};
/* End PBXSourcesBuildPhase section */

/* Begin PBXTargetDependency section */
		056F702E213348930042493C /* PBXTargetDependency */ = {
			isa = PBXTargetDependency;
			target = 056F7014213348910042493C /* AIR */;
			targetProxy = 056F702D213348930042493C /* PBXContainerItemProxy */;
		};
		056F7039213348930042493C /* PBXTargetDependency */ = {
			isa = PBXTargetDependency;
			target = 056F7014213348910042493C /* AIR */;
			targetProxy = 056F7038213348930042493C /* PBXContainerItemProxy */;
		};
/* End PBXTargetDependency section */

/* Begin PBXVariantGroup section */
		056F701C213348910042493C /* Main.storyboard */ = {
			isa = PBXVariantGroup;
			children = (
				056F701D213348910042493C /* Base */,
			);
			name = Main.storyboard;
			sourceTree = "<group>";
		};
		056F7024213348930042493C /* LaunchScreen.storyboard */ = {
			isa = PBXVariantGroup;
			children = (
				056F7025213348930042493C /* Base */,
			);
			name = LaunchScreen.storyboard;
			sourceTree = "<group>";
		};
/* End PBXVariantGroup section */

/* Begin XCBuildConfiguration section */
		056F703E213348930042493C /* Debug */ = {
			isa = XCBuildConfiguration;
			buildSettings = {
				ALWAYS_SEARCH_USER_PATHS = NO;
				CLANG_ANALYZER_NONNULL = YES;
				CLANG_ANALYZER_NUMBER_OBJECT_CONVERSION = YES_AGGRESSIVE;
				CLANG_CXX_LANGUAGE_STANDARD = "gnu++14";
				CLANG_CXX_LIBRARY = "libc++";
				CLANG_ENABLE_MODULES = YES;
				CLANG_ENABLE_OBJC_ARC = YES;
				CLANG_ENABLE_OBJC_WEAK = YES;
				CLANG_WARN_BLOCK_CAPTURE_AUTORELEASING = YES;
				CLANG_WARN_BOOL_CONVERSION = YES;
				CLANG_WARN_COMMA = YES;
				CLANG_WARN_CONSTANT_CONVERSION = YES;
				CLANG_WARN_DEPRECATED_OBJC_IMPLEMENTATIONS = YES;
				CLANG_WARN_DIRECT_OBJC_ISA_USAGE = YES_ERROR;
				CLANG_WARN_DOCUMENTATION_COMMENTS = YES;
				CLANG_WARN_EMPTY_BODY = YES;
				CLANG_WARN_ENUM_CONVERSION = YES;
				CLANG_WARN_INFINITE_RECURSION = YES;
				CLANG_WARN_INT_CONVERSION = YES;
				CLANG_WARN_NON_LITERAL_NULL_CONVERSION = YES;
				CLANG_WARN_OBJC_IMPLICIT_RETAIN_SELF = YES;
				CLANG_WARN_OBJC_LITERAL_CONVERSION = YES;
				CLANG_WARN_OBJC_ROOT_CLASS = YES_ERROR;
				CLANG_WARN_RANGE_LOOP_ANALYSIS = YES;
				CLANG_WARN_STRICT_PROTOTYPES = YES;
				CLANG_WARN_SUSPICIOUS_MOVE = YES;
				CLANG_WARN_UNGUARDED_AVAILABILITY = YES_AGGRESSIVE;
				CLANG_WARN_UNREACHABLE_CODE = YES;
				CLANG_WARN__DUPLICATE_METHOD_MATCH = YES;
				CODE_SIGN_IDENTITY = "iPhone Developer";
				COPY_PHASE_STRIP = NO;
				DEBUG_INFORMATION_FORMAT = dwarf;
				ENABLE_STRICT_OBJC_MSGSEND = YES;
				ENABLE_TESTABILITY = YES;
				GCC_C_LANGUAGE_STANDARD = gnu11;
				GCC_DYNAMIC_NO_PIC = NO;
				GCC_NO_COMMON_BLOCKS = YES;
				GCC_OPTIMIZATION_LEVEL = 0;
				GCC_PREPROCESSOR_DEFINITIONS = (
					"DEBUG=1",
					"$(inherited)",
				);
				GCC_WARN_64_TO_32_BIT_CONVERSION = YES;
				GCC_WARN_ABOUT_RETURN_TYPE = YES_ERROR;
				GCC_WARN_UNDECLARED_SELECTOR = YES;
				GCC_WARN_UNINITIALIZED_AUTOS = YES_AGGRESSIVE;
				GCC_WARN_UNUSED_FUNCTION = YES;
				GCC_WARN_UNUSED_VARIABLE = YES;
				IPHONEOS_DEPLOYMENT_TARGET = 11.4;
				MTL_ENABLE_DEBUG_INFO = YES;
				ONLY_ACTIVE_ARCH = YES;
				SDKROOT = iphoneos;
				SWIFT_ACTIVE_COMPILATION_CONDITIONS = DEBUG;
				SWIFT_OPTIMIZATION_LEVEL = "-Onone";
			};
			name = Debug;
		};
		056F703F213348930042493C /* Release */ = {
			isa = XCBuildConfiguration;
			buildSettings = {
				ALWAYS_SEARCH_USER_PATHS = NO;
				CLANG_ANALYZER_NONNULL = YES;
				CLANG_ANALYZER_NUMBER_OBJECT_CONVERSION = YES_AGGRESSIVE;
				CLANG_CXX_LANGUAGE_STANDARD = "gnu++14";
				CLANG_CXX_LIBRARY = "libc++";
				CLANG_ENABLE_MODULES = YES;
				CLANG_ENABLE_OBJC_ARC = YES;
				CLANG_ENABLE_OBJC_WEAK = YES;
				CLANG_WARN_BLOCK_CAPTURE_AUTORELEASING = YES;
				CLANG_WARN_BOOL_CONVERSION = YES;
				CLANG_WARN_COMMA = YES;
				CLANG_WARN_CONSTANT_CONVERSION = YES;
				CLANG_WARN_DEPRECATED_OBJC_IMPLEMENTATIONS = YES;
				CLANG_WARN_DIRECT_OBJC_ISA_USAGE = YES_ERROR;
				CLANG_WARN_DOCUMENTATION_COMMENTS = YES;
				CLANG_WARN_EMPTY_BODY = YES;
				CLANG_WARN_ENUM_CONVERSION = YES;
				CLANG_WARN_INFINITE_RECURSION = YES;
				CLANG_WARN_INT_CONVERSION = YES;
				CLANG_WARN_NON_LITERAL_NULL_CONVERSION = YES;
				CLANG_WARN_OBJC_IMPLICIT_RETAIN_SELF = YES;
				CLANG_WARN_OBJC_LITERAL_CONVERSION = YES;
				CLANG_WARN_OBJC_ROOT_CLASS = YES_ERROR;
				CLANG_WARN_RANGE_LOOP_ANALYSIS = YES;
				CLANG_WARN_STRICT_PROTOTYPES = YES;
				CLANG_WARN_SUSPICIOUS_MOVE = YES;
				CLANG_WARN_UNGUARDED_AVAILABILITY = YES_AGGRESSIVE;
				CLANG_WARN_UNREACHABLE_CODE = YES;
				CLANG_WARN__DUPLICATE_METHOD_MATCH = YES;
				CODE_SIGN_IDENTITY = "iPhone Developer";
				COPY_PHASE_STRIP = NO;
				DEBUG_INFORMATION_FORMAT = "dwarf-with-dsym";
				ENABLE_NS_ASSERTIONS = NO;
				ENABLE_STRICT_OBJC_MSGSEND = YES;
				GCC_C_LANGUAGE_STANDARD = gnu11;
				GCC_NO_COMMON_BLOCKS = YES;
				GCC_WARN_64_TO_32_BIT_CONVERSION = YES;
				GCC_WARN_ABOUT_RETURN_TYPE = YES_ERROR;
				GCC_WARN_UNDECLARED_SELECTOR = YES;
				GCC_WARN_UNINITIALIZED_AUTOS = YES_AGGRESSIVE;
				GCC_WARN_UNUSED_FUNCTION = YES;
				GCC_WARN_UNUSED_VARIABLE = YES;
				IPHONEOS_DEPLOYMENT_TARGET = 11.4;
				MTL_ENABLE_DEBUG_INFO = NO;
				SDKROOT = iphoneos;
				SWIFT_COMPILATION_MODE = wholemodule;
				SWIFT_OPTIMIZATION_LEVEL = "-O";
				VALIDATE_PRODUCT = YES;
			};
			name = Release;
		};
		056F7041213348930042493C /* Debug */ = {
			isa = XCBuildConfiguration;
			baseConfigurationReference = 20BECF65B3F0CE69CB2A394E /* Pods-AIR.debug.xcconfig */;
			buildSettings = {
				ASSETCATALOG_COMPILER_APPICON_NAME = AppIcon;
				CODE_SIGN_STYLE = Automatic;
				DEVELOPMENT_TEAM = D4L4S7MAUX;
				INFOPLIST_FILE = AIR/Info.plist;
				LD_RUNPATH_SEARCH_PATHS = (
					"$(inherited)",
					"@executable_path/Frameworks",
				);
				PRODUCT_BUNDLE_IDENTIFIER = com.demo.AIR;
				PRODUCT_NAME = "$(TARGET_NAME)";
				SWIFT_OBJC_BRIDGING_HEADER = "/Users/micheledesena/Desktop/Lavoro/Progetti/XCODE/AIR/App AIR/AIR/AIR/AIR-Bridging-Header.h";
				SWIFT_VERSION = 4.2;
				TARGETED_DEVICE_FAMILY = 1;
			};
			name = Debug;
		};
		056F7042213348930042493C /* Release */ = {
			isa = XCBuildConfiguration;
			baseConfigurationReference = DE19085358DA6236E5315376 /* Pods-AIR.release.xcconfig */;
			buildSettings = {
				ASSETCATALOG_COMPILER_APPICON_NAME = AppIcon;
				CODE_SIGN_STYLE = Automatic;
				DEVELOPMENT_TEAM = D4L4S7MAUX;
				INFOPLIST_FILE = AIR/Info.plist;
				LD_RUNPATH_SEARCH_PATHS = (
					"$(inherited)",
					"@executable_path/Frameworks",
				);
				PRODUCT_BUNDLE_IDENTIFIER = com.demo.AIR;
				PRODUCT_NAME = "$(TARGET_NAME)";
				SWIFT_OBJC_BRIDGING_HEADER = "/Users/micheledesena/Desktop/Lavoro/Progetti/XCODE/AIR/App AIR/AIR/AIR/AIR-Bridging-Header.h";
				SWIFT_VERSION = 4.2;
				TARGETED_DEVICE_FAMILY = 1;
			};
			name = Release;
		};
		056F7044213348930042493C /* Debug */ = {
			isa = XCBuildConfiguration;
			baseConfigurationReference = CA2EE5AEFEC1C5D7F330643E /* Pods-AIRTests.debug.xcconfig */;
			buildSettings = {
				ALWAYS_EMBED_SWIFT_STANDARD_LIBRARIES = YES;
				BUNDLE_LOADER = "$(TEST_HOST)";
				CODE_SIGN_STYLE = Automatic;
				DEVELOPMENT_TEAM = D4L4S7MAUX;
				INFOPLIST_FILE = AIRTests/Info.plist;
				LD_RUNPATH_SEARCH_PATHS = (
					"$(inherited)",
					"@executable_path/Frameworks",
					"@loader_path/Frameworks",
				);
				PRODUCT_BUNDLE_IDENTIFIER = com.demo.AIRTests;
				PRODUCT_NAME = "$(TARGET_NAME)";
				SWIFT_VERSION = 4.2;
				TARGETED_DEVICE_FAMILY = "1,2";
				TEST_HOST = "$(BUILT_PRODUCTS_DIR)/AIR.app/AIR";
			};
			name = Debug;
		};
		056F7045213348930042493C /* Release */ = {
			isa = XCBuildConfiguration;
			baseConfigurationReference = 80F07764F3389744DAE4E5F5 /* Pods-AIRTests.release.xcconfig */;
			buildSettings = {
				ALWAYS_EMBED_SWIFT_STANDARD_LIBRARIES = YES;
				BUNDLE_LOADER = "$(TEST_HOST)";
				CODE_SIGN_STYLE = Automatic;
				DEVELOPMENT_TEAM = D4L4S7MAUX;
				INFOPLIST_FILE = AIRTests/Info.plist;
				LD_RUNPATH_SEARCH_PATHS = (
					"$(inherited)",
					"@executable_path/Frameworks",
					"@loader_path/Frameworks",
				);
				PRODUCT_BUNDLE_IDENTIFIER = com.demo.AIRTests;
				PRODUCT_NAME = "$(TARGET_NAME)";
				SWIFT_VERSION = 4.2;
				TARGETED_DEVICE_FAMILY = "1,2";
				TEST_HOST = "$(BUILT_PRODUCTS_DIR)/AIR.app/AIR";
			};
			name = Release;
		};
		056F7047213348930042493C /* Debug */ = {
			isa = XCBuildConfiguration;
			baseConfigurationReference = 70B1626722A45280F26B02E4 /* Pods-AIRUITests.debug.xcconfig */;
			buildSettings = {
				ALWAYS_EMBED_SWIFT_STANDARD_LIBRARIES = YES;
				CODE_SIGN_STYLE = Automatic;
				DEVELOPMENT_TEAM = D4L4S7MAUX;
				INFOPLIST_FILE = AIRUITests/Info.plist;
				LD_RUNPATH_SEARCH_PATHS = (
					"$(inherited)",
					"@executable_path/Frameworks",
					"@loader_path/Frameworks",
				);
				PRODUCT_BUNDLE_IDENTIFIER = com.demo.AIRUITests;
				PRODUCT_NAME = "$(TARGET_NAME)";
				SWIFT_VERSION = 4.2;
				TARGETED_DEVICE_FAMILY = "1,2";
				TEST_TARGET_NAME = AIR;
			};
			name = Debug;
		};
		056F7048213348930042493C /* Release */ = {
			isa = XCBuildConfiguration;
			baseConfigurationReference = E39524AEE753E2CC24BA5F0E /* Pods-AIRUITests.release.xcconfig */;
			buildSettings = {
				ALWAYS_EMBED_SWIFT_STANDARD_LIBRARIES = YES;
				CODE_SIGN_STYLE = Automatic;
				DEVELOPMENT_TEAM = D4L4S7MAUX;
				INFOPLIST_FILE = AIRUITests/Info.plist;
				LD_RUNPATH_SEARCH_PATHS = (
					"$(inherited)",
					"@executable_path/Frameworks",
					"@loader_path/Frameworks",
				);
				PRODUCT_BUNDLE_IDENTIFIER = com.demo.AIRUITests;
				PRODUCT_NAME = "$(TARGET_NAME)";
				SWIFT_VERSION = 4.2;
				TARGETED_DEVICE_FAMILY = "1,2";
				TEST_TARGET_NAME = AIR;
			};
			name = Release;
		};
/* End XCBuildConfiguration section */

/* Begin XCConfigurationList section */
		056F7010213348910042493C /* Build configuration list for PBXProject "AIR" */ = {
			isa = XCConfigurationList;
			buildConfigurations = (
				056F703E213348930042493C /* Debug */,
				056F703F213348930042493C /* Release */,
			);
			defaultConfigurationIsVisible = 0;
			defaultConfigurationName = Release;
		};
		056F7040213348930042493C /* Build configuration list for PBXNativeTarget "AIR" */ = {
			isa = XCConfigurationList;
			buildConfigurations = (
				056F7041213348930042493C /* Debug */,
				056F7042213348930042493C /* Release */,
			);
			defaultConfigurationIsVisible = 0;
			defaultConfigurationName = Release;
		};
		056F7043213348930042493C /* Build configuration list for PBXNativeTarget "AIRTests" */ = {
			isa = XCConfigurationList;
			buildConfigurations = (
				056F7044213348930042493C /* Debug */,
				056F7045213348930042493C /* Release */,
			);
			defaultConfigurationIsVisible = 0;
			defaultConfigurationName = Release;
		};
		056F7046213348930042493C /* Build configuration list for PBXNativeTarget "AIRUITests" */ = {
			isa = XCConfigurationList;
			buildConfigurations = (
				056F7047213348930042493C /* Debug */,
				056F7048213348930042493C /* Release */,
			);
			defaultConfigurationIsVisible = 0;
			defaultConfigurationName = Release;
		};
/* End XCConfigurationList section */

/* Begin XCVersionGroup section */
		056F701F213348910042493C /* AIR.xcdatamodeld */ = {
			isa = XCVersionGroup;
			children = (
				056F7020213348910042493C /* AIR.xcdatamodel */,
			);
			currentVersion = 056F7020213348910042493C /* AIR.xcdatamodel */;
			path = AIR.xcdatamodeld;
			sourceTree = "<group>";
			versionGroupType = wrapper.xcdatamodel;
		};
/* End XCVersionGroup section */
	};
	rootObject = 056F700D213348910042493C /* Project object */;
}
